
Microsoft Visual Studio Solution File, Format Version 12.00
# Visual Studio 2013
VisualStudioVersion = 12.0.31101.0
MinimumVisualStudioVersion = 10.0.40219.1
Project("{FAE04EC0-301F-11D3-BF4B-00C04F79EFBC}") = "MovieTools.Common", "MovieTools.Common\MovieTools.Common.csproj", "{6A02A1DF-9C3C-4A80-945C-0696B2E5EE17}"
EndProject
Project("{FAE04EC0-301F-11D3-BF4B-00C04F79EFBC}") = "MovieTools", "MovieTools\MovieTools.csproj", "{7FC29F9C-BC2B-4E92-BAB8-5FA37624094F}"
EndProject
Project("{FAE04EC0-301F-11D3-BF4B-00C04F79EFBC}") = "MovieTools.Tests", "MovieTools.Tests\MovieTools.Tests.csproj", "{EA542E3F-1469-4EBF-B216-1CD64667DB0A}"
EndProject
Global
	GlobalSection(SolutionConfigurationPlatforms) = preSolution
		Debug|Any CPU = Debug|Any CPU
		Release|Any CPU = Release|Any CPU
	EndGlobalSection
	GlobalSection(ProjectConfigurationPlatforms) = postSolution
		{6A02A1DF-9C3C-4A80-945C-0696B2E5EE17}.Debug|Any CPU.ActiveCfg = Debug|Any CPU
		{6A02A1DF-9C3C-4A80-945C-0696B2E5EE17}.Debug|Any CPU.Build.0 = Debug|Any CPU
		{6A02A1DF-9C3C-4A80-945C-0696B2E5EE17}.Release|Any CPU.ActiveCfg = Release|Any CPU
		{6A02A1DF-9C3C-4A80-945C-0696B2E5EE17}.Release|Any CPU.Build.0 = Release|Any CPU
		{7FC29F9C-BC2B-4E92-BAB8-5FA37624094F}.Debug|Any CPU.ActiveCfg = Debug|Any CPU
		{7FC29F9C-BC2B-4E92-BAB8-5FA37624094F}.Debug|Any CPU.Build.0 = Debug|Any CPU
		{7FC29F9C-BC2B-4E92-BAB8-5FA37624094F}.Release|Any CPU.ActiveCfg = Release|Any CPU
		{7FC29F9C-BC2B-4E92-BAB8-5FA37624094F}.Release|Any CPU.Build.0 = Release|Any CPU
		{EA542E3F-1469-4EBF-B216-1CD64667DB0A}.Debug|Any CPU.ActiveCfg = Debug|Any CPU
		{EA542E3F-1469-4EBF-B216-1CD64667DB0A}.Debug|Any CPU.Build.0 = Debug|Any CPU
		{EA542E3F-1469-4EBF-B216-1CD64667DB0A}.Release|Any CPU.ActiveCfg = Release|Any CPU
		{EA542E3F-1469-4EBF-B216-1CD64667DB0A}.Release|Any CPU.Build.0 = Release|Any CPU
	EndGlobalSection
	GlobalSection(SolutionProperties) = preSolution
		HideSolutionNode = FALSE
	EndGlobalSection
EndGlobal
